
Microsoft Visual Studio Solution File, Format Version 12.00
# Visual Studio Version 17
VisualStudioVersion = 17.3.32901.215
MinimumVisualStudioVersion = 10.0.40219.1
Project("{888888A0-9F3D-457C-B088-3A5042F75D52}") = "N2_AMS", "N2_AMS\N2_AMS.pyproj", "{79A6912B-C76A-4579-A32A-6998C8244AB2}"
EndProject
Global
	GlobalSection(SolutionConfigurationPlatforms) = preSolution
		Debug|Any CPU = Debug|Any CPU
		Release|Any CPU = Release|Any CPU
	EndGlobalSection
	GlobalSection(ProjectConfigurationPlatforms) = postSolution
		{79A6912B-C76A-4579-A32A-6998C8244AB2}.Debug|Any CPU.ActiveCfg = Debug|Any CPU
		{79A6912B-C76A-4579-A32A-6998C8244AB2}.Release|Any CPU.ActiveCfg = Release|Any CPU
	EndGlobalSection
	GlobalSection(SolutionProperties) = preSolution
		HideSolutionNode = FALSE
	EndGlobalSection
	GlobalSection(ExtensibilityGlobals) = postSolution
		SolutionGuid = {3591CC6F-B5A8-4B86-85BB-04CC8DFBD68C}
	EndGlobalSection
EndGlobal
